// !$*UTF8*$!
{
	archiveVersion = 1;
	classes = {
	};
	objectVersion = 46;
	objects = {

/* Begin PBXBuildFile section */
		185DB2DB1C7802EF00C8354C /* UIKit.framework in Frameworks */ = {isa = PBXBuildFile; fileRef = 185DB2DA1C7802EF00C8354C /* UIKit.framework */; };
		185DB2FD1C7811AC00C8354C /* AppDelegate.m in Sources */ = {isa = PBXBuildFile; fileRef = 185DB2E71C7811AC00C8354C /* AppDelegate.m */; };
		185DB2FE1C7811AC00C8354C /* MATabBarController.m in Sources */ = {isa = PBXBuildFile; fileRef = 185DB2EA1C7811AC00C8354C /* MATabBarController.m */; };
		185DB2FF1C7811AC00C8354C /* main.m in Sources */ = {isa = PBXBuildFile; fileRef = 185DB2EB1C7811AC00C8354C /* main.m */; };
		185DB3001C7811AC00C8354C /* UIImage+MAimageRender.m in Sources */ = {isa = PBXBuildFile; fileRef = 185DB2F51C7811AC00C8354C /* UIImage+MAimageRender.m */; };
		188B5AEF1C59A8790082EAD6 /* Assets.xcassets in Resources */ = {isa = PBXBuildFile; fileRef = 188B5AEE1C59A8790082EAD6 /* Assets.xcassets */; };
		188B5AF21C59A8790082EAD6 /* LaunchScreen.storyboard in Resources */ = {isa = PBXBuildFile; fileRef = 188B5AF01C59A8790082EAD6 /* LaunchScreen.storyboard */; };
		18B7B2BB1C78162F00FE1073 /* MAHomeTableViewController.m in Sources */ = {isa = PBXBuildFile; fileRef = 18B7B2BA1C78162F00FE1073 /* MAHomeTableViewController.m */; };
		18B7B2BE1C78164100FE1073 /* MAMessageTableViewController.m in Sources */ = {isa = PBXBuildFile; fileRef = 18B7B2BD1C78164100FE1073 /* MAMessageTableViewController.m */; };
		18B7B2C11C78165200FE1073 /* MADiscoverTableViewController.m in Sources */ = {isa = PBXBuildFile; fileRef = 18B7B2C01C78165200FE1073 /* MADiscoverTableViewController.m */; };
		18B7B2C41C78166600FE1073 /* MAProfileTableViewController.m in Sources */ = {isa = PBXBuildFile; fileRef = 18B7B2C31C78166600FE1073 /* MAProfileTableViewController.m */; };
		18B7B2C71C7823BA00FE1073 /* UIBarButtonItem+MABarItem.m in Sources */ = {isa = PBXBuildFile; fileRef = 18B7B2C61C7823BA00FE1073 /* UIBarButtonItem+MABarItem.m */; };
		18B7B2CA1C782F3F00FE1073 /* MATitleButton.m in Sources */ = {isa = PBXBuildFile; fileRef = 18B7B2C91C782F3F00FE1073 /* MATitleButton.m */; };
		18B7B2CD1C78366400FE1073 /* UIView+Frame.m in Sources */ = {isa = PBXBuildFile; fileRef = 18B7B2CC1C78366400FE1073 /* UIView+Frame.m */; };
		18B7B2D21C784C3600FE1073 /* MACoverView.m in Sources */ = {isa = PBXBuildFile; fileRef = 18B7B2D11C784C3600FE1073 /* MACoverView.m */; };
		18B7B2D51C784E3800FE1073 /* MAPopView.m in Sources */ = {isa = PBXBuildFile; fileRef = 18B7B2D41C784E3800FE1073 /* MAPopView.m */; };
		18B7B2D81C7853A000FE1073 /* MAPopTableViewController.m in Sources */ = {isa = PBXBuildFile; fileRef = 18B7B2D71C7853A000FE1073 /* MAPopTableViewController.m */; };
		18B7B2DB1C7869C800FE1073 /* MANavigationController.m in Sources */ = {isa = PBXBuildFile; fileRef = 18B7B2DA1C7869C800FE1073 /* MANavigationController.m */; };
/* End PBXBuildFile section */

/* Begin PBXFileReference section */
		185DB2DA1C7802EF00C8354C /* UIKit.framework */ = {isa = PBXFileReference; lastKnownFileType = wrapper.framework; name = UIKit.framework; path = System/Library/Frameworks/UIKit.framework; sourceTree = SDKROOT; };
		185DB2E61C7811AC00C8354C /* AppDelegate.h */ = {isa = PBXFileReference; fileEncoding = 4; lastKnownFileType = sourcecode.c.h; path = AppDelegate.h; sourceTree = "<group>"; };
		185DB2E71C7811AC00C8354C /* AppDelegate.m */ = {isa = PBXFileReference; fileEncoding = 4; lastKnownFileType = sourcecode.c.objc; path = AppDelegate.m; sourceTree = "<group>"; };
		185DB2E91C7811AC00C8354C /* MATabBarController.h */ = {isa = PBXFileReference; fileEncoding = 4; lastKnownFileType = sourcecode.c.h; path = MATabBarController.h; sourceTree = "<group>"; };
		185DB2EA1C7811AC00C8354C /* MATabBarController.m */ = {isa = PBXFileReference; fileEncoding = 4; lastKnownFileType = sourcecode.c.objc; path = MATabBarController.m; sourceTree = "<group>"; };
		185DB2EB1C7811AC00C8354C /* main.m */ = {isa = PBXFileReference; fileEncoding = 4; lastKnownFileType = sourcecode.c.objc; path = main.m; sourceTree = "<group>"; };
		185DB2F41C7811AC00C8354C /* UIImage+MAimageRender.h */ = {isa = PBXFileReference; fileEncoding = 4; lastKnownFileType = sourcecode.c.h; path = "UIImage+MAimageRender.h"; sourceTree = "<group>"; };
		185DB2F51C7811AC00C8354C /* UIImage+MAimageRender.m */ = {isa = PBXFileReference; fileEncoding = 4; lastKnownFileType = sourcecode.c.objc; path = "UIImage+MAimageRender.m"; sourceTree = "<group>"; };
		188B5ADF1C59A8780082EAD6 /* MyFirstApp.app */ = {isa = PBXFileReference; explicitFileType = wrapper.application; includeInIndex = 0; path = MyFirstApp.app; sourceTree = BUILT_PRODUCTS_DIR; };
		188B5AEE1C59A8790082EAD6 /* Assets.xcassets */ = {isa = PBXFileReference; lastKnownFileType = folder.assetcatalog; path = Assets.xcassets; sourceTree = "<group>"; };
		188B5AF11C59A8790082EAD6 /* Base */ = {isa = PBXFileReference; lastKnownFileType = file.storyboard; name = Base; path = Base.lproj/LaunchScreen.storyboard; sourceTree = "<group>"; };
		188B5AF31C59A8790082EAD6 /* Info.plist */ = {isa = PBXFileReference; lastKnownFileType = text.plist.xml; path = Info.plist; sourceTree = "<group>"; };
		18B7B2B91C78162F00FE1073 /* MAHomeTableViewController.h */ = {isa = PBXFileReference; fileEncoding = 4; lastKnownFileType = sourcecode.c.h; path = MAHomeTableViewController.h; sourceTree = "<group>"; };
		18B7B2BA1C78162F00FE1073 /* MAHomeTableViewController.m */ = {isa = PBXFileReference; fileEncoding = 4; lastKnownFileType = sourcecode.c.objc; path = MAHomeTableViewController.m; sourceTree = "<group>"; };
		18B7B2BC1C78164100FE1073 /* MAMessageTableViewController.h */ = {isa = PBXFileReference; fileEncoding = 4; lastKnownFileType = sourcecode.c.h; path = MAMessageTableViewController.h; sourceTree = "<group>"; };
		18B7B2BD1C78164100FE1073 /* MAMessageTableViewController.m */ = {isa = PBXFileReference; fileEncoding = 4; lastKnownFileType = sourcecode.c.objc; path = MAMessageTableViewController.m; sourceTree = "<group>"; };
		18B7B2BF1C78165200FE1073 /* MADiscoverTableViewController.h */ = {isa = PBXFileReference; fileEncoding = 4; lastKnownFileType = sourcecode.c.h; path = MADiscoverTableViewController.h; sourceTree = "<group>"; };
		18B7B2C01C78165200FE1073 /* MADiscoverTableViewController.m */ = {isa = PBXFileReference; fileEncoding = 4; lastKnownFileType = sourcecode.c.objc; path = MADiscoverTableViewController.m; sourceTree = "<group>"; };
		18B7B2C21C78166600FE1073 /* MAProfileTableViewController.h */ = {isa = PBXFileReference; fileEncoding = 4; lastKnownFileType = sourcecode.c.h; path = MAProfileTableViewController.h; sourceTree = "<group>"; };
		18B7B2C31C78166600FE1073 /* MAProfileTableViewController.m */ = {isa = PBXFileReference; fileEncoding = 4; lastKnownFileType = sourcecode.c.objc; path = MAProfileTableViewController.m; sourceTree = "<group>"; };
		18B7B2C51C7823BA00FE1073 /* UIBarButtonItem+MABarItem.h */ = {isa = PBXFileReference; fileEncoding = 4; lastKnownFileType = sourcecode.c.h; path = "UIBarButtonItem+MABarItem.h"; sourceTree = "<group>"; };
		18B7B2C61C7823BA00FE1073 /* UIBarButtonItem+MABarItem.m */ = {isa = PBXFileReference; fileEncoding = 4; lastKnownFileType = sourcecode.c.objc; path = "UIBarButtonItem+MABarItem.m"; sourceTree = "<group>"; };
		18B7B2C81C782F3F00FE1073 /* MATitleButton.h */ = {isa = PBXFileReference; fileEncoding = 4; lastKnownFileType = sourcecode.c.h; path = MATitleButton.h; sourceTree = "<group>"; };
		18B7B2C91C782F3F00FE1073 /* MATitleButton.m */ = {isa = PBXFileReference; fileEncoding = 4; lastKnownFileType = sourcecode.c.objc; path = MATitleButton.m; sourceTree = "<group>"; };
		18B7B2CB1C78366400FE1073 /* UIView+Frame.h */ = {isa = PBXFileReference; fileEncoding = 4; lastKnownFileType = sourcecode.c.h; path = "UIView+Frame.h"; sourceTree = "<group>"; };
		18B7B2CC1C78366400FE1073 /* UIView+Frame.m */ = {isa = PBXFileReference; fileEncoding = 4; lastKnownFileType = sourcecode.c.objc; path = "UIView+Frame.m"; sourceTree = "<group>"; };
		18B7B2CF1C7837DA00FE1073 /* 公共.pch */ = {isa = PBXFileReference; lastKnownFileType = sourcecode.c.h; path = "公共.pch"; sourceTree = "<group>"; };
		18B7B2D01C784C3600FE1073 /* MACoverView.h */ = {isa = PBXFileReference; fileEncoding = 4; lastKnownFileType = sourcecode.c.h; path = MACoverView.h; sourceTree = "<group>"; };
		18B7B2D11C784C3600FE1073 /* MACoverView.m */ = {isa = PBXFileReference; fileEncoding = 4; lastKnownFileType = sourcecode.c.objc; path = MACoverView.m; sourceTree = "<group>"; };
		18B7B2D31C784E3800FE1073 /* MAPopView.h */ = {isa = PBXFileReference; fileEncoding = 4; lastKnownFileType = sourcecode.c.h; path = MAPopView.h; sourceTree = "<group>"; };
		18B7B2D41C784E3800FE1073 /* MAPopView.m */ = {isa = PBXFileReference; fileEncoding = 4; lastKnownFileType = sourcecode.c.objc; path = MAPopView.m; sourceTree = "<group>"; };
		18B7B2D61C7853A000FE1073 /* MAPopTableViewController.h */ = {isa = PBXFileReference; fileEncoding = 4; lastKnownFileType = sourcecode.c.h; path = MAPopTableViewController.h; sourceTree = "<group>"; };
		18B7B2D71C7853A000FE1073 /* MAPopTableViewController.m */ = {isa = PBXFileReference; fileEncoding = 4; lastKnownFileType = sourcecode.c.objc; path = MAPopTableViewController.m; sourceTree = "<group>"; };
		18B7B2D91C7869C800FE1073 /* MANavigationController.h */ = {isa = PBXFileReference; fileEncoding = 4; lastKnownFileType = sourcecode.c.h; path = MANavigationController.h; sourceTree = "<group>"; };
		18B7B2DA1C7869C800FE1073 /* MANavigationController.m */ = {isa = PBXFileReference; fileEncoding = 4; lastKnownFileType = sourcecode.c.objc; path = MANavigationController.m; sourceTree = "<group>"; };
/* End PBXFileReference section */

/* Begin PBXFrameworksBuildPhase section */
		188B5ADC1C59A8780082EAD6 /* Frameworks */ = {
			isa = PBXFrameworksBuildPhase;
			buildActionMask = 2147483647;
			files = (
				185DB2DB1C7802EF00C8354C /* UIKit.framework in Frameworks */,
			);
			runOnlyForDeploymentPostprocessing = 0;
		};
/* End PBXFrameworksBuildPhase section */

/* Begin PBXGroup section */
		185DB2DC1C7811AC00C8354C /* Classes */ = {
			isa = PBXGroup;
			children = (
				185DB2E51C7811AC00C8354C /* main */,
				185DB2E11C7811AC00C8354C /* home */,
				185DB2EE1C7811AC00C8354C /* message */,
				185DB2DD1C7811AC00C8354C /* discover */,
				185DB2F91C7811AC00C8354C /* profile */,
				185DB2F21C7811AC00C8354C /* other */,
			);
			path = Classes;
			sourceTree = "<group>";
		};
		185DB2DD1C7811AC00C8354C /* discover */ = {
			isa = PBXGroup;
			children = (
				185DB2DE1C7811AC00C8354C /* controller */,
				185DB2DF1C7811AC00C8354C /* model */,
				185DB2E01C7811AC00C8354C /* view */,
			);
			path = discover;
			sourceTree = "<group>";
		};
		185DB2DE1C7811AC00C8354C /* controller */ = {
			isa = PBXGroup;
			children = (
				18B7B2BF1C78165200FE1073 /* MADiscoverTableViewController.h */,
				18B7B2C01C78165200FE1073 /* MADiscoverTableViewController.m */,
			);
			path = controller;
			sourceTree = "<group>";
		};
		185DB2DF1C7811AC00C8354C /* model */ = {
			isa = PBXGroup;
			children = (
			);
			path = model;
			sourceTree = "<group>";
		};
		185DB2E01C7811AC00C8354C /* view */ = {
			isa = PBXGroup;
			children = (
			);
			path = view;
			sourceTree = "<group>";
		};
		185DB2E11C7811AC00C8354C /* home */ = {
			isa = PBXGroup;
			children = (
				185DB2E21C7811AC00C8354C /* controller */,
				185DB2E31C7811AC00C8354C /* model */,
				185DB2E41C7811AC00C8354C /* view */,
			);
			path = home;
			sourceTree = "<group>";
		};
		185DB2E21C7811AC00C8354C /* controller */ = {
			isa = PBXGroup;
			children = (
				18B7B2B91C78162F00FE1073 /* MAHomeTableViewController.h */,
				18B7B2BA1C78162F00FE1073 /* MAHomeTableViewController.m */,
				18B7B2D61C7853A000FE1073 /* MAPopTableViewController.h */,
				18B7B2D71C7853A000FE1073 /* MAPopTableViewController.m */,
			);
			path = controller;
			sourceTree = "<group>";
		};
		185DB2E31C7811AC00C8354C /* model */ = {
			isa = PBXGroup;
			children = (
			);
			path = model;
			sourceTree = "<group>";
		};
		185DB2E41C7811AC00C8354C /* view */ = {
			isa = PBXGroup;
			children = (
				18B7B2C81C782F3F00FE1073 /* MATitleButton.h */,
				18B7B2C91C782F3F00FE1073 /* MATitleButton.m */,
				18B7B2D01C784C3600FE1073 /* MACoverView.h */,
				18B7B2D11C784C3600FE1073 /* MACoverView.m */,
				18B7B2D31C784E3800FE1073 /* MAPopView.h */,
				18B7B2D41C784E3800FE1073 /* MAPopView.m */,
			);
			path = view;
			sourceTree = "<group>";
		};
		185DB2E51C7811AC00C8354C /* main */ = {
			isa = PBXGroup;
			children = (
				185DB2EB1C7811AC00C8354C /* main.m */,
				185DB2E61C7811AC00C8354C /* AppDelegate.h */,
				185DB2E71C7811AC00C8354C /* AppDelegate.m */,
				185DB2E81C7811AC00C8354C /* controller */,
				185DB2EC1C7811AC00C8354C /* model */,
				185DB2ED1C7811AC00C8354C /* view */,
			);
			path = main;
			sourceTree = "<group>";
		};
		185DB2E81C7811AC00C8354C /* controller */ = {
			isa = PBXGroup;
			children = (
				185DB2E91C7811AC00C8354C /* MATabBarController.h */,
				185DB2EA1C7811AC00C8354C /* MATabBarController.m */,
				18B7B2D91C7869C800FE1073 /* MANavigationController.h */,
				18B7B2DA1C7869C800FE1073 /* MANavigationController.m */,
			);
			path = controller;
			sourceTree = "<group>";
		};
		185DB2EC1C7811AC00C8354C /* model */ = {
			isa = PBXGroup;
			children = (
			);
			path = model;
			sourceTree = "<group>";
		};
		185DB2ED1C7811AC00C8354C /* view */ = {
			isa = PBXGroup;
			children = (
			);
			path = view;
			sourceTree = "<group>";
		};
		185DB2EE1C7811AC00C8354C /* message */ = {
			isa = PBXGroup;
			children = (
				185DB2EF1C7811AC00C8354C /* controller */,
				185DB2F01C7811AC00C8354C /* model */,
				185DB2F11C7811AC00C8354C /* view */,
			);
			path = message;
			sourceTree = "<group>";
		};
		185DB2EF1C7811AC00C8354C /* controller */ = {
			isa = PBXGroup;
			children = (
				18B7B2BC1C78164100FE1073 /* MAMessageTableViewController.h */,
				18B7B2BD1C78164100FE1073 /* MAMessageTableViewController.m */,
			);
			path = controller;
			sourceTree = "<group>";
		};
		185DB2F01C7811AC00C8354C /* model */ = {
			isa = PBXGroup;
			children = (
			);
			path = model;
			sourceTree = "<group>";
		};
		185DB2F11C7811AC00C8354C /* view */ = {
			isa = PBXGroup;
			children = (
			);
			path = view;
			sourceTree = "<group>";
		};
		185DB2F21C7811AC00C8354C /* other */ = {
			isa = PBXGroup;
			children = (
				185DB2F31C7811AC00C8354C /* category */,
				185DB2F61C7811AC00C8354C /* controller */,
				185DB2F71C7811AC00C8354C /* model */,
				185DB2F81C7811AC00C8354C /* view */,
			);
			path = other;
			sourceTree = "<group>";
		};
		185DB2F31C7811AC00C8354C /* category */ = {
			isa = PBXGroup;
			children = (
				185DB2F41C7811AC00C8354C /* UIImage+MAimageRender.h */,
				185DB2F51C7811AC00C8354C /* UIImage+MAimageRender.m */,
				18B7B2C51C7823BA00FE1073 /* UIBarButtonItem+MABarItem.h */,
				18B7B2C61C7823BA00FE1073 /* UIBarButtonItem+MABarItem.m */,
				18B7B2CB1C78366400FE1073 /* UIView+Frame.h */,
				18B7B2CC1C78366400FE1073 /* UIView+Frame.m */,
			);
			path = category;
			sourceTree = "<group>";
		};
		185DB2F61C7811AC00C8354C /* controller */ = {
			isa = PBXGroup;
			children = (
			);
			path = controller;
			sourceTree = "<group>";
		};
		185DB2F71C7811AC00C8354C /* model */ = {
			isa = PBXGroup;
			children = (
			);
			path = model;
			sourceTree = "<group>";
		};
		185DB2F81C7811AC00C8354C /* view */ = {
			isa = PBXGroup;
			children = (
			);
			path = view;
			sourceTree = "<group>";
		};
		185DB2F91C7811AC00C8354C /* profile */ = {
			isa = PBXGroup;
			children = (
				185DB2FA1C7811AC00C8354C /* controller */,
				185DB2FB1C7811AC00C8354C /* model */,
				185DB2FC1C7811AC00C8354C /* view */,
			);
			path = profile;
			sourceTree = "<group>";
		};
		185DB2FA1C7811AC00C8354C /* controller */ = {
			isa = PBXGroup;
			children = (
				18B7B2C21C78166600FE1073 /* MAProfileTableViewController.h */,
				18B7B2C31C78166600FE1073 /* MAProfileTableViewController.m */,
			);
			path = controller;
			sourceTree = "<group>";
		};
		185DB2FB1C7811AC00C8354C /* model */ = {
			isa = PBXGroup;
			children = (
			);
			path = model;
			sourceTree = "<group>";
		};
		185DB2FC1C7811AC00C8354C /* view */ = {
			isa = PBXGroup;
			children = (
			);
			path = view;
			sourceTree = "<group>";
		};
		188B5AD61C59A8780082EAD6 = {
			isa = PBXGroup;
			children = (
				185DB2DA1C7802EF00C8354C /* UIKit.framework */,
				188B5AE11C59A8780082EAD6 /* MyFirstApp */,
				188B5AE01C59A8780082EAD6 /* Products */,
			);
			sourceTree = "<group>";
		};
		188B5AE01C59A8780082EAD6 /* Products */ = {
			isa = PBXGroup;
			children = (
				188B5ADF1C59A8780082EAD6 /* MyFirstApp.app */,
			);
			name = Products;
			sourceTree = "<group>";
		};
		188B5AE11C59A8780082EAD6 /* MyFirstApp */ = {
			isa = PBXGroup;
			children = (
				185DB2DC1C7811AC00C8354C /* Classes */,
				188B5AEE1C59A8790082EAD6 /* Assets.xcassets */,
				188B5AF01C59A8790082EAD6 /* LaunchScreen.storyboard */,
				18B7B2CF1C7837DA00FE1073 /* 公共.pch */,
				188B5AF31C59A8790082EAD6 /* Info.plist */,
				188B5AE21C59A8790082EAD6 /* Supporting Files */,
			);
			path = MyFirstApp;
			sourceTree = "<group>";
		};
		188B5AE21C59A8790082EAD6 /* Supporting Files */ = {
			isa = PBXGroup;
			children = (
			);
			name = "Supporting Files";
			sourceTree = "<group>";
		};
/* End PBXGroup section */

/* Begin PBXNativeTarget section */
		188B5ADE1C59A8780082EAD6 /* MyFirstApp */ = {
			isa = PBXNativeTarget;
			buildConfigurationList = 188B5AF61C59A8790082EAD6 /* Build configuration list for PBXNativeTarget "MyFirstApp" */;
			buildPhases = (
				188B5ADB1C59A8780082EAD6 /* Sources */,
				188B5ADC1C59A8780082EAD6 /* Frameworks */,
				188B5ADD1C59A8780082EAD6 /* Resources */,
			);
			buildRules = (
			);
			dependencies = (
			);
			name = MyFirstApp;
			productName = MyFirstApp;
			productReference = 188B5ADF1C59A8780082EAD6 /* MyFirstApp.app */;
			productType = "com.apple.product-type.application";
		};
/* End PBXNativeTarget section */

/* Begin PBXProject section */
		188B5AD71C59A8780082EAD6 /* Project object */ = {
			isa = PBXProject;
			attributes = {
				CLASSPREFIX = MA;
				LastUpgradeCheck = 0720;
				ORGANIZATIONNAME = apple;
				TargetAttributes = {
					188B5ADE1C59A8780082EAD6 = {
						CreatedOnToolsVersion = 7.2;
					};
				};
			};
			buildConfigurationList = 188B5ADA1C59A8780082EAD6 /* Build configuration list for PBXProject "MyFirstApp" */;
			compatibilityVersion = "Xcode 3.2";
			developmentRegion = English;
			hasScannedForEncodings = 0;
			knownRegions = (
				en,
				Base,
			);
			mainGroup = 188B5AD61C59A8780082EAD6;
			productRefGroup = 188B5AE01C59A8780082EAD6 /* Products */;
			projectDirPath = "";
			projectRoot = "";
			targets = (
				188B5ADE1C59A8780082EAD6 /* MyFirstApp */,
			);
		};
/* End PBXProject section */

/* Begin PBXResourcesBuildPhase section */
		188B5ADD1C59A8780082EAD6 /* Resources */ = {
			isa = PBXResourcesBuildPhase;
			buildActionMask = 2147483647;
			files = (
				188B5AF21C59A8790082EAD6 /* LaunchScreen.storyboard in Resources */,
				188B5AEF1C59A8790082EAD6 /* Assets.xcassets in Resources */,
			);
			runOnlyForDeploymentPostprocessing = 0;
		};
/* End PBXResourcesBuildPhase section */

/* Begin PBXSourcesBuildPhase section */
		188B5ADB1C59A8780082EAD6 /* Sources */ = {
			isa = PBXSourcesBuildPhase;
			buildActionMask = 2147483647;
			files = (
				18B7B2D21C784C3600FE1073 /* MACoverView.m in Sources */,
				18B7B2D81C7853A000FE1073 /* MAPopTableViewController.m in Sources */,
				18B7B2DB1C7869C800FE1073 /* MANavigationController.m in Sources */,
				185DB2FD1C7811AC00C8354C /* AppDelegate.m in Sources */,
				18B7B2BE1C78164100FE1073 /* MAMessageTableViewController.m in Sources */,
				18B7B2C11C78165200FE1073 /* MADiscoverTableViewController.m in Sources */,
				18B7B2BB1C78162F00FE1073 /* MAHomeTableViewController.m in Sources */,
				185DB2FF1C7811AC00C8354C /* main.m in Sources */,
				185DB2FE1C7811AC00C8354C /* MATabBarController.m in Sources */,
				185DB3001C7811AC00C8354C /* UIImage+MAimageRender.m in Sources */,
				18B7B2C71C7823BA00FE1073 /* UIBarButtonItem+MABarItem.m in Sources */,
				18B7B2D51C784E3800FE1073 /* MAPopView.m in Sources */,
				18B7B2CA1C782F3F00FE1073 /* MATitleButton.m in Sources */,
				18B7B2C41C78166600FE1073 /* MAProfileTableViewController.m in Sources */,
				18B7B2CD1C78366400FE1073 /* UIView+Frame.m in Sources */,
			);
			runOnlyForDeploymentPostprocessing = 0;
		};
/* End PBXSourcesBuildPhase section */

/* Begin PBXVariantGroup section */
		188B5AF01C59A8790082EAD6 /* LaunchScreen.storyboard */ = {
			isa = PBXVariantGroup;
			children = (
				188B5AF11C59A8790082EAD6 /* Base */,
			);
			name = LaunchScreen.storyboard;
			sourceTree = "<group>";
		};
/* End PBXVariantGroup section */

/* Begin XCBuildConfiguration section */
		188B5AF41C59A8790082EAD6 /* Debug */ = {
			isa = XCBuildConfiguration;
			buildSettings = {
				ALWAYS_SEARCH_USER_PATHS = NO;
				CLANG_CXX_LANGUAGE_STANDARD = "gnu++0x";
				CLANG_CXX_LIBRARY = "libc++";
				CLANG_ENABLE_MODULES = YES;
				CLANG_ENABLE_OBJC_ARC = YES;
				CLANG_WARN_BOOL_CONVERSION = YES;
				CLANG_WARN_CONSTANT_CONVERSION = YES;
				CLANG_WARN_DIRECT_OBJC_ISA_USAGE = YES_ERROR;
				CLANG_WARN_EMPTY_BODY = YES;
				CLANG_WARN_ENUM_CONVERSION = YES;
				CLANG_WARN_INT_CONVERSION = YES;
				CLANG_WARN_OBJC_ROOT_CLASS = YES_ERROR;
				CLANG_WARN_UNREACHABLE_CODE = YES;
				CLANG_WARN__DUPLICATE_METHOD_MATCH = YES;
				"CODE_SIGN_IDENTITY[sdk=iphoneos*]" = "iPhone Developer";
				COPY_PHASE_STRIP = NO;
				DEBUG_INFORMATION_FORMAT = dwarf;
				ENABLE_STRICT_OBJC_MSGSEND = YES;
				ENABLE_TESTABILITY = YES;
				GCC_C_LANGUAGE_STANDARD = gnu99;
				GCC_DYNAMIC_NO_PIC = NO;
				GCC_NO_COMMON_BLOCKS = YES;
				GCC_OPTIMIZATION_LEVEL = 0;
				GCC_PREPROCESSOR_DEFINITIONS = (
					"DEBUG=1",
					"$(inherited)",
				);
				GCC_WARN_64_TO_32_BIT_CONVERSION = YES;
				GCC_WARN_ABOUT_RETURN_TYPE = YES_ERROR;
				GCC_WARN_UNDECLARED_SELECTOR = YES;
				GCC_WARN_UNINITIALIZED_AUTOS = YES_AGGRESSIVE;
				GCC_WARN_UNUSED_FUNCTION = YES;
				GCC_WARN_UNUSED_VARIABLE = YES;
				IPHONEOS_DEPLOYMENT_TARGET = 9.2;
				MTL_ENABLE_DEBUG_INFO = YES;
				ONLY_ACTIVE_ARCH = YES;
				SDKROOT = iphoneos;
			};
			name = Debug;
		};
		188B5AF51C59A8790082EAD6 /* Release */ = {
			isa = XCBuildConfiguration;
			buildSettings = {
				ALWAYS_SEARCH_USER_PATHS = NO;
				CLANG_CXX_LANGUAGE_STANDARD = "gnu++0x";
				CLANG_CXX_LIBRARY = "libc++";
				CLANG_ENABLE_MODULES = YES;
				CLANG_ENABLE_OBJC_ARC = YES;
				CLANG_WARN_BOOL_CONVERSION = YES;
				CLANG_WARN_CONSTANT_CONVERSION = YES;
				CLANG_WARN_DIRECT_OBJC_ISA_USAGE = YES_ERROR;
				CLANG_WARN_EMPTY_BODY = YES;
				CLANG_WARN_ENUM_CONVERSION = YES;
				CLANG_WARN_INT_CONVERSION = YES;
				CLANG_WARN_OBJC_ROOT_CLASS = YES_ERROR;
				CLANG_WARN_UNREACHABLE_CODE = YES;
				CLANG_WARN__DUPLICATE_METHOD_MATCH = YES;
				"CODE_SIGN_IDENTITY[sdk=iphoneos*]" = "iPhone Developer";
				COPY_PHASE_STRIP = NO;
				DEBUG_INFORMATION_FORMAT = "dwarf-with-dsym";
				ENABLE_NS_ASSERTIONS = NO;
				ENABLE_STRICT_OBJC_MSGSEND = YES;
				GCC_C_LANGUAGE_STANDARD = gnu99;
				GCC_NO_COMMON_BLOCKS = YES;
				GCC_WARN_64_TO_32_BIT_CONVERSION = YES;
				GCC_WARN_ABOUT_RETURN_TYPE = YES_ERROR;
				GCC_WARN_UNDECLARED_SELECTOR = YES;
				GCC_WARN_UNINITIALIZED_AUTOS = YES_AGGRESSIVE;
				GCC_WARN_UNUSED_FUNCTION = YES;
				GCC_WARN_UNUSED_VARIABLE = YES;
				IPHONEOS_DEPLOYMENT_TARGET = 9.2;
				MTL_ENABLE_DEBUG_INFO = NO;
				SDKROOT = iphoneos;
				VALIDATE_PRODUCT = YES;
			};
			name = Release;
		};
		188B5AF71C59A8790082EAD6 /* Debug */ = {
			isa = XCBuildConfiguration;
			buildSettings = {
				ASSETCATALOG_COMPILER_APPICON_NAME = AppIcon;
				ASSETCATALOG_COMPILER_LAUNCHIMAGE_NAME = "Brand Assets";
				GCC_PRECOMPILE_PREFIX_HEADER = NO;
				GCC_PREFIX_HEADER = "/Users/apple/Desktop/实战项目/MyFirstApp/MyFirstApp/公共.pch";
				INFOPLIST_FILE = MyFirstApp/Info.plist;
				IPHONEOS_DEPLOYMENT_TARGET = 8.1;
				LD_RUNPATH_SEARCH_PATHS = "$(inherited) @executable_path/Frameworks";
				PRODUCT_BUNDLE_IDENTIFIER = "cn.it.-";
				PRODUCT_NAME = "$(TARGET_NAME)";
			};
			name = Debug;
		};
		188B5AF81C59A8790082EAD6 /* Release */ = {
			isa = XCBuildConfiguration;
			buildSettings = {
				ASSETCATALOG_COMPILER_APPICON_NAME = AppIcon;
				ASSETCATALOG_COMPILER_LAUNCHIMAGE_NAME = "Brand Assets";
				GCC_PRECOMPILE_PREFIX_HEADER = NO;
				GCC_PREFIX_HEADER = "/Users/apple/Desktop/实战项目/MyFirstApp/MyFirstApp/公共.pch";
				INFOPLIST_FILE = MyFirstApp/Info.plist;
				IPHONEOS_DEPLOYMENT_TARGET = 8.1;
				LD_RUNPATH_SEARCH_PATHS = "$(inherited) @executable_path/Frameworks";
				PRODUCT_BUNDLE_IDENTIFIER = "cn.it.-";
				PRODUCT_NAME = "$(TARGET_NAME)";
			};
			name = Release;
		};
/* End XCBuildConfiguration section */

/* Begin XCConfigurationList section */
		188B5ADA1C59A8780082EAD6 /* Build configuration list for PBXProject "MyFirstApp" */ = {
			isa = XCConfigurationList;
			buildConfigurations = (
				188B5AF41C59A8790082EAD6 /* Debug */,
				188B5AF51C59A8790082EAD6 /* Release */,
			);
			defaultConfigurationIsVisible = 0;
			defaultConfigurationName = Release;
		};
		188B5AF61C59A8790082EAD6 /* Build configuration list for PBXNativeTarget "MyFirstApp" */ = {
			isa = XCConfigurationList;
			buildConfigurations = (
				188B5AF71C59A8790082EAD6 /* Debug */,
				188B5AF81C59A8790082EAD6 /* Release */,
			);
			defaultConfigurationIsVisible = 0;
			defaultConfigurationName = Release;
		};
/* End XCConfigurationList section */
	};
	rootObject = 188B5AD71C59A8780082EAD6 /* Project object */;
}
